
Microsoft Visual Studio Solution File, Format Version 12.00
# Visual Studio Version 17
VisualStudioVersion = 17.3.32825.248
MinimumVisualStudioVersion = 10.0.40219.1
Project("{FAE04EC0-301F-11D3-BF4B-00C04F79EFBC}") = "Laba-8", "Laba-8\Laba-8.csproj", "{A86FCE72-0712-4268-935D-CBAEF25703E6}"
EndProject
Global
	GlobalSection(SolutionConfigurationPlatforms) = preSolution
		Debug|Any CPU = Debug|Any CPU
		Release|Any CPU = Release|Any CPU
	EndGlobalSection
	GlobalSection(ProjectConfigurationPlatforms) = postSolution
		{A86FCE72-0712-4268-935D-CBAEF25703E6}.Debug|Any CPU.ActiveCfg = Debug|Any CPU
		{A86FCE72-0712-4268-935D-CBAEF25703E6}.Debug|Any CPU.Build.0 = Debug|Any CPU
		{A86FCE72-0712-4268-935D-CBAEF25703E6}.Release|Any CPU.ActiveCfg = Release|Any CPU
		{A86FCE72-0712-4268-935D-CBAEF25703E6}.Release|Any CPU.Build.0 = Release|Any CPU
	EndGlobalSection
	GlobalSection(SolutionProperties) = preSolution
		HideSolutionNode = FALSE
	EndGlobalSection
	GlobalSection(ExtensibilityGlobals) = postSolution
		SolutionGuid = {5F8C7D3D-5A3D-4386-9F5B-5D63A54A68C2}
	EndGlobalSection
EndGlobal
